
Microsoft Visual Studio Solution File, Format Version 12.00
# Visual Studio Version 16
VisualStudioVersion = 16.0.29209.152
MinimumVisualStudioVersion = 10.0.40219.1
Project("{FAE04EC0-301F-11D3-BF4B-00C04F79EFBC}") = "logR.Server", "logR\Server\logR.Server.csproj", "{DE51C13B-E6B6-48E8-A835-7187EA2C3BD3}"
EndProject
Project("{FAE04EC0-301F-11D3-BF4B-00C04F79EFBC}") = "logR.Client", "logR\Client\logR.Client.csproj", "{5ED2E395-42D5-4D58-BC93-19F475E2167F}"
EndProject
Project("{FAE04EC0-301F-11D3-BF4B-00C04F79EFBC}") = "logR.Shared", "logR\Shared\logR.Shared.csproj", "{190C9BC7-5BB7-41BD-A95B-0476ED944E5B}"
EndProject
Global
	GlobalSection(SolutionConfigurationPlatforms) = preSolution
		Debug|Any CPU = Debug|Any CPU
		Release|Any CPU = Release|Any CPU
	EndGlobalSection
	GlobalSection(ProjectConfigurationPlatforms) = postSolution
		{DE51C13B-E6B6-48E8-A835-7187EA2C3BD3}.Debug|Any CPU.ActiveCfg = Debug|Any CPU
		{DE51C13B-E6B6-48E8-A835-7187EA2C3BD3}.Debug|Any CPU.Build.0 = Debug|Any CPU
		{DE51C13B-E6B6-48E8-A835-7187EA2C3BD3}.Release|Any CPU.ActiveCfg = Release|Any CPU
		{DE51C13B-E6B6-48E8-A835-7187EA2C3BD3}.Release|Any CPU.Build.0 = Release|Any CPU
		{5ED2E395-42D5-4D58-BC93-19F475E2167F}.Debug|Any CPU.ActiveCfg = Debug|Any CPU
		{5ED2E395-42D5-4D58-BC93-19F475E2167F}.Debug|Any CPU.Build.0 = Debug|Any CPU
		{5ED2E395-42D5-4D58-BC93-19F475E2167F}.Release|Any CPU.ActiveCfg = Release|Any CPU
		{5ED2E395-42D5-4D58-BC93-19F475E2167F}.Release|Any CPU.Build.0 = Release|Any CPU
		{190C9BC7-5BB7-41BD-A95B-0476ED944E5B}.Debug|Any CPU.ActiveCfg = Debug|Any CPU
		{190C9BC7-5BB7-41BD-A95B-0476ED944E5B}.Debug|Any CPU.Build.0 = Debug|Any CPU
		{190C9BC7-5BB7-41BD-A95B-0476ED944E5B}.Release|Any CPU.ActiveCfg = Release|Any CPU
		{190C9BC7-5BB7-41BD-A95B-0476ED944E5B}.Release|Any CPU.Build.0 = Release|Any CPU
	EndGlobalSection
	GlobalSection(SolutionProperties) = preSolution
		HideSolutionNode = FALSE
	EndGlobalSection
	GlobalSection(ExtensibilityGlobals) = postSolution
		SolutionGuid = {E90A9202-E413-47B4-A33B-6453217D731C}
	EndGlobalSection
EndGlobal
